schema: '2.0'
stages:
  churn_dataset:
    cmd: python -m churn_detection.churn_dataset
    deps:
    - path: churn_detection/churn_dataset.py
      hash: md5
      md5: e36baf2ce18dce67915efdafb57d8b49
      size: 11773
    - path: churn_detection/membership_utils.py
      hash: md5
      md5: 1fc8946378b553008dbd824c70bc18fd
      size: 1056
    - path: data/raw/inscripciones.csv
      hash: md5
      md5: d98e61774e501775d4de699802282589
      size: 432490
    - path: data/raw/personas.csv
      hash: md5
      md5: 46498ae3c6a378325d1b6403148471c6
      size: 54074
    - path: data/raw/registros_acceso.csv
      hash: md5
      md5: 58c4d8b540f5382b20da85ad630ed286
      size: 3493073
    - path: data/raw/servicios.csv
      hash: md5
      md5: 8bbb7e6ce0641fbf57a7f688712405da
      size: 1410
    - path: data/raw/ventas_servicios.csv
      hash: md5
      md5: 3e3c1e1786e5e73725e9371292896752
      size: 638664
    outs:
    - path: data/processed/churn_ciclos.csv
      hash: md5
      md5: 6f4e95bcf95303408b5368a73891483f
      size: 1287570
  churn_eda:
    cmd: python -m churn_detection.churn_plots
    deps:
    - path: churn_detection/churn_plots.py
      hash: md5
      md5: 78e39c3f8947a7a629aaac8f2168bdfd
      size: 5799
    - path: data/processed/churn_ciclos.csv
      hash: md5
      md5: 6f4e95bcf95303408b5368a73891483f
      size: 1287570
    outs:
    - path: reports/figures/08_churn_estado_ciclo.png
      hash: md5
      md5: 77c7053beea9a7aed681435062e03c62
      size: 53071
    - path: reports/figures/09_churn_missingness.png
      hash: md5
      md5: 7195eb84f67a06f02c95e8a1fab33644
      size: 57948
    - path: reports/figures/10_churn_distribuciones_por_label.png
      hash: md5
      md5: aef61ce68cb2b2a5923cd412d0d2f8c1
      size: 420920
    - path: reports/figures/11_churn_correlacion.png
      hash: md5
      md5: 0d57fe256381c33a8d60407237fb8c87
      size: 229982
  train_churn_model:
    cmd: python -m churn_detection.modeling.train
    deps:
    - path: churn_detection/modeling/train.py
      hash: md5
      md5: 05e498a952b9367ec1c91c31fc19dbed
      size: 17830
    - path: data/processed/churn_ciclos.csv
      hash: md5
      md5: 6f4e95bcf95303408b5368a73891483f
      size: 1287570
    outs:
    - path: data/processed/comparacion_modelos_churn.csv
      hash: md5
      md5: 34ee91caaec69fee4b59146eb027a922
      size: 440
    - path: models/churn_model.joblib
      hash: md5
      md5: 9cea529269fa57fb2c13bc616701976f
      size: 382089
    - path: reports/figures/07_curvas_roc.png
      hash: md5
      md5: ac1ea7bbff6fa1f9d153a482d318dec6
      size: 90342
    - path: reports/figures/12_matriz_confusion.png
      hash: md5
      md5: e64cc2e607a5738c7eaa4577271252ef
      size: 27719
    - path: reports/figures/13_importancia_features.png
      hash: md5
      md5: 2743c9070f0ce1d5ed4ae5d375fbbc2c
      size: 70912
  score_churn:
    cmd: python -m churn_detection.modeling.predict
    deps:
    - path: churn_detection/modeling/predict.py
      hash: md5
      md5: 515fabbe66de8c555014db881b403ea2
      size: 2129
    - path: data/processed/churn_ciclos.csv
      hash: md5
      md5: 6f4e95bcf95303408b5368a73891483f
      size: 1287570
    - path: models/churn_model.joblib
      hash: md5
      md5: 9cea529269fa57fb2c13bc616701976f
      size: 382089
    outs:
    - path: data/processed/predicciones_churn.csv
      hash: md5
      md5: 22685c2a19792e2ca124c80bbac0ce52
      size: 84382
