schema: '2.0'
stages:
  churn_dataset:
    cmd: python -m churn_detection.churn_dataset
    deps:
    - path: churn_detection/churn_dataset.py
      hash: md5
      md5: e36baf2ce18dce67915efdafb57d8b49
      size: 11773
    - path: churn_detection/membership_utils.py
      hash: md5
      md5: 1fc8946378b553008dbd824c70bc18fd
      size: 1056
    - path: data/raw/inscripciones.csv
      hash: md5
      md5: d98e61774e501775d4de699802282589
      size: 432490
    - path: data/raw/personas.csv
      hash: md5
      md5: 46498ae3c6a378325d1b6403148471c6
      size: 54074
    - path: data/raw/registros_acceso.csv
      hash: md5
      md5: 58c4d8b540f5382b20da85ad630ed286
      size: 3493073
    - path: data/raw/servicios.csv
      hash: md5
      md5: 8bbb7e6ce0641fbf57a7f688712405da
      size: 1410
    - path: data/raw/ventas_servicios.csv
      hash: md5
      md5: 3e3c1e1786e5e73725e9371292896752
      size: 638664
    outs:
    - path: data/processed/churn_ciclos.csv
      hash: md5
      md5: 782a75e57d9b1b4f5f21d399a6396d03
      size: 1287592
  churn_eda:
    cmd: python -m churn_detection.churn_plots
    deps:
    - path: churn_detection/churn_plots.py
      hash: md5
      md5: 78e39c3f8947a7a629aaac8f2168bdfd
      size: 5799
    - path: data/processed/churn_ciclos.csv
      hash: md5
      md5: 782a75e57d9b1b4f5f21d399a6396d03
      size: 1287592
    outs:
    - path: reports/figures/08_churn_estado_ciclo.png
      hash: md5
      md5: 98228cc27937c4b1fecb868d5fa73638
      size: 53825
    - path: reports/figures/09_churn_missingness.png
      hash: md5
      md5: 7195eb84f67a06f02c95e8a1fab33644
      size: 57948
    - path: reports/figures/10_churn_distribuciones_por_label.png
      hash: md5
      md5: dad578367a7465f785598804eb519da5
      size: 421501
    - path: reports/figures/11_churn_correlacion.png
      hash: md5
      md5: 0d57fe256381c33a8d60407237fb8c87
      size: 229982
  train_churn_model:
    cmd: python -m churn_detection.modeling.train
    deps:
    - path: churn_detection/modeling/train.py
      hash: md5
      md5: 803a4b80377a9b27c9597cb639085a42
      size: 18191
    - path: data/processed/churn_ciclos.csv
      hash: md5
      md5: 782a75e57d9b1b4f5f21d399a6396d03
      size: 1287592
    outs:
    - path: data/processed/comparacion_modelos_churn.csv
      hash: md5
      md5: 474ee27550d3f110d68f9436d8ea5066
      size: 437
    - path: models/churn_model.joblib
      hash: md5
      md5: e33447de5b510ec344d1dbd2fd02dbeb
      size: 382009
    - path: reports/figures/07_curvas_roc.png
      hash: md5
      md5: 5f646d1a2af3957c5cfe80b0fb4fd5fc
      size: 92520
    - path: reports/figures/12_matriz_confusion.png
      hash: md5
      md5: 3b72aa9fba5bfde16134dcd15e542fe3
      size: 28335
    - path: reports/figures/13_importancia_features.png
      hash: md5
      md5: 6bacefe2eea815e543cd8c25d2485995
      size: 71128
  score_churn:
    cmd: python -m churn_detection.modeling.predict
    deps:
    - path: churn_detection/modeling/predict.py
      hash: md5
      md5: 515fabbe66de8c555014db881b403ea2
      size: 2129
    - path: data/processed/churn_ciclos.csv
      hash: md5
      md5: 782a75e57d9b1b4f5f21d399a6396d03
      size: 1287592
    - path: models/churn_model.joblib
      hash: md5
      md5: e33447de5b510ec344d1dbd2fd02dbeb
      size: 382009
    outs:
    - path: data/processed/predicciones_churn.csv
      hash: md5
      md5: 9977f20d2364645275ea3f3bccf90034
      size: 83309
